
Microsoft Visual Studio Solution File, Format Version 12.00
# Visual Studio Version 17
VisualStudioVersion = 17.3.32825.248
MinimumVisualStudioVersion = 10.0.40219.1
Project("{FAE04EC0-301F-11D3-BF4B-00C04F79EFBC}") = "WpfApp17", "WpfApp17\WpfApp17.csproj", "{D93E5B9F-6449-4578-A290-7B8455956CAD}"
EndProject
Global
	GlobalSection(SolutionConfigurationPlatforms) = preSolution
		Debug|Any CPU = Debug|Any CPU
		Release|Any CPU = Release|Any CPU
	EndGlobalSection
	GlobalSection(ProjectConfigurationPlatforms) = postSolution
		{D93E5B9F-6449-4578-A290-7B8455956CAD}.Debug|Any CPU.ActiveCfg = Debug|Any CPU
		{D93E5B9F-6449-4578-A290-7B8455956CAD}.Debug|Any CPU.Build.0 = Debug|Any CPU
		{D93E5B9F-6449-4578-A290-7B8455956CAD}.Release|Any CPU.ActiveCfg = Release|Any CPU
		{D93E5B9F-6449-4578-A290-7B8455956CAD}.Release|Any CPU.Build.0 = Release|Any CPU
	EndGlobalSection
	GlobalSection(SolutionProperties) = preSolution
		HideSolutionNode = FALSE
	EndGlobalSection
	GlobalSection(ExtensibilityGlobals) = postSolution
		SolutionGuid = {280286BB-4A91-4615-8C46-97F311FD8603}
	EndGlobalSection
EndGlobal
